<Solution>
  <Project Path="src/TaskManagement.API/TaskManagement.API.csproj" />
  <Project Path="src/TaskManagement.Core/TaskManagement.Core.csproj" />
  <Project Path="src/TaskManagement.Infrastructure/TaskManagement.Infrastructure.csproj" />
  <Project Path="tests/TaskManagement.Tests/TaskManagement.Tests/TaskManagement.Tests.csproj" />
</Solution>
